
Microsoft Visual Studio Solution File, Format Version 12.00
# Visual Studio Version 16
VisualStudioVersion = 25.0.1706.8
MinimumVisualStudioVersion = 10.0.40219.1
Project("{FAE04EC0-301F-11D3-BF4B-00C04F79EFBC}") = "To-Do-List", "Project 1\To-Do-List.csproj", "{8325A0C5-32CD-4FE7-B4D9-AD52370E4865}"
EndProject
Project("{2150E333-8FDC-42A3-9474-1A3956D46DE8}") = "Solution Items", "Solution Items", "{214D74C7-8D67-43F7-AF47-491CA6BC4A9F}"
	ProjectSection(SolutionItems) = preProject
		.editorconfig = .editorconfig
	EndProjectSection
EndProject
Global
	GlobalSection(SolutionConfigurationPlatforms) = preSolution
		Debug|Any CPU = Debug|Any CPU
		Release|Any CPU = Release|Any CPU
	EndGlobalSection
	GlobalSection(ProjectConfigurationPlatforms) = postSolution
		{8325A0C5-32CD-4FE7-B4D9-AD52370E4865}.Debug|Any CPU.ActiveCfg = Debug|Any CPU
		{8325A0C5-32CD-4FE7-B4D9-AD52370E4865}.Debug|Any CPU.Build.0 = Debug|Any CPU
		{8325A0C5-32CD-4FE7-B4D9-AD52370E4865}.Release|Any CPU.ActiveCfg = Release|Any CPU
		{8325A0C5-32CD-4FE7-B4D9-AD52370E4865}.Release|Any CPU.Build.0 = Release|Any CPU
	EndGlobalSection
	GlobalSection(SolutionProperties) = preSolution
		HideSolutionNode = FALSE
	EndGlobalSection
	GlobalSection(ExtensibilityGlobals) = postSolution
		SolutionGuid = {B8CCE00F-1CF1-4655-A141-A312AF13EF50}
	EndGlobalSection
EndGlobal
